
Microsoft Visual Studio Solution File, Format Version 12.00
# Visual Studio Version 17
VisualStudioVersion = 17.2.32630.192
MinimumVisualStudioVersion = 10.0.40219.1
Project("{FAE04EC0-301F-11D3-BF4B-00C04F79EFBC}") = "FamilyBudgetControlAluraChallenge", "FamilyBudgetControlAluraChallenge.csproj", "{F3D742DA-62B4-4099-96A5-2EA98E475EDC}"
EndProject
Global
	GlobalSection(SolutionConfigurationPlatforms) = preSolution
		Debug|Any CPU = Debug|Any CPU
		Release|Any CPU = Release|Any CPU
	EndGlobalSection
	GlobalSection(ProjectConfigurationPlatforms) = postSolution
		{F3D742DA-62B4-4099-96A5-2EA98E475EDC}.Debug|Any CPU.ActiveCfg = Debug|Any CPU
		{F3D742DA-62B4-4099-96A5-2EA98E475EDC}.Debug|Any CPU.Build.0 = Debug|Any CPU
		{F3D742DA-62B4-4099-96A5-2EA98E475EDC}.Release|Any CPU.ActiveCfg = Release|Any CPU
		{F3D742DA-62B4-4099-96A5-2EA98E475EDC}.Release|Any CPU.Build.0 = Release|Any CPU
	EndGlobalSection
	GlobalSection(SolutionProperties) = preSolution
		HideSolutionNode = FALSE
	EndGlobalSection
	GlobalSection(ExtensibilityGlobals) = postSolution
		SolutionGuid = {2F58EB23-D692-4FCD-A9B9-B3690FD72E7C}
	EndGlobalSection
EndGlobal
